// !$*UTF8*$!
{
	archiveVersion = 1;
	classes = {
	};
	objectVersion = 56;
	objects = {

/* Begin PBXBuildFile section */
		630BCF642A69440400E49835 /* APIHandler.swift in Sources */ = {isa = PBXBuildFile; fileRef = 630BCF632A69440400E49835 /* APIHandler.swift */; };
		63569FFD2A604BE600FEFB8A /* AppDelegate.swift in Sources */ = {isa = PBXBuildFile; fileRef = 63569FFC2A604BE600FEFB8A /* AppDelegate.swift */; };
		63569FFF2A604BE600FEFB8A /* SceneDelegate.swift in Sources */ = {isa = PBXBuildFile; fileRef = 63569FFE2A604BE600FEFB8A /* SceneDelegate.swift */; };
		6356A0012A604BE600FEFB8A /* ViewController.swift in Sources */ = {isa = PBXBuildFile; fileRef = 6356A0002A604BE600FEFB8A /* ViewController.swift */; };
		6356A0042A604BE600FEFB8A /* Main.storyboard in Resources */ = {isa = PBXBuildFile; fileRef = 6356A0022A604BE600FEFB8A /* Main.storyboard */; };
		6356A0062A604BE700FEFB8A /* Assets.xcassets in Resources */ = {isa = PBXBuildFile; fileRef = 6356A0052A604BE700FEFB8A /* Assets.xcassets */; };
		6356A0092A604BE700FEFB8A /* LaunchScreen.storyboard in Resources */ = {isa = PBXBuildFile; fileRef = 6356A0072A604BE700FEFB8A /* LaunchScreen.storyboard */; };
		6356A0172A60562C00FEFB8A /* EmojiTableViewCell.swift in Sources */ = {isa = PBXBuildFile; fileRef = 6356A0152A60562C00FEFB8A /* EmojiTableViewCell.swift */; };
		6356A0182A60562C00FEFB8A /* EmojiTableViewCell.xib in Resources */ = {isa = PBXBuildFile; fileRef = 6356A0162A60562C00FEFB8A /* EmojiTableViewCell.xib */; };
		6356A01A2A605BC900FEFB8A /* EmojiViewController.swift in Sources */ = {isa = PBXBuildFile; fileRef = 6356A0192A605BC900FEFB8A /* EmojiViewController.swift */; };
		6356A01C2A605C8E00FEFB8A /* Emoji.swift in Sources */ = {isa = PBXBuildFile; fileRef = 6356A01B2A605C8E00FEFB8A /* Emoji.swift */; };
		6356A0302A6597A900FEFB8A /* EmojiDetailsViewController.swift in Sources */ = {isa = PBXBuildFile; fileRef = 6356A02E2A6597A900FEFB8A /* EmojiDetailsViewController.swift */; };
		6356A0312A6597A900FEFB8A /* EmojiDetailsViewController.xib in Resources */ = {isa = PBXBuildFile; fileRef = 6356A02F2A6597A900FEFB8A /* EmojiDetailsViewController.xib */; };
		EDED2CA448EBD1DC07C887E1 /* Pods_Emoji.framework in Frameworks */ = {isa = PBXBuildFile; fileRef = A36CD3CEB59AE6DD530F6CC3 /* Pods_Emoji.framework */; };
/* End PBXBuildFile section */

/* Begin PBXFileReference section */
		6225937192F6924951D95D01 /* Pods-Emoji.debug.xcconfig */ = {isa = PBXFileReference; includeInIndex = 1; lastKnownFileType = text.xcconfig; name = "Pods-Emoji.debug.xcconfig"; path = "Target Support Files/Pods-Emoji/Pods-Emoji.debug.xcconfig"; sourceTree = "<group>"; };
		630BCF632A69440400E49835 /* APIHandler.swift */ = {isa = PBXFileReference; lastKnownFileType = sourcecode.swift; path = APIHandler.swift; sourceTree = "<group>"; };
		63569FF92A604BE600FEFB8A /* Emoji.app */ = {isa = PBXFileReference; explicitFileType = wrapper.application; includeInIndex = 0; path = Emoji.app; sourceTree = BUILT_PRODUCTS_DIR; };
		63569FFC2A604BE600FEFB8A /* AppDelegate.swift */ = {isa = PBXFileReference; lastKnownFileType = sourcecode.swift; path = AppDelegate.swift; sourceTree = "<group>"; };
		63569FFE2A604BE600FEFB8A /* SceneDelegate.swift */ = {isa = PBXFileReference; lastKnownFileType = sourcecode.swift; path = SceneDelegate.swift; sourceTree = "<group>"; };
		6356A0002A604BE600FEFB8A /* ViewController.swift */ = {isa = PBXFileReference; lastKnownFileType = sourcecode.swift; path = ViewController.swift; sourceTree = "<group>"; };
		6356A0032A604BE600FEFB8A /* Base */ = {isa = PBXFileReference; lastKnownFileType = file.storyboard; name = Base; path = Base.lproj/Main.storyboard; sourceTree = "<group>"; };
		6356A0052A604BE700FEFB8A /* Assets.xcassets */ = {isa = PBXFileReference; lastKnownFileType = folder.assetcatalog; path = Assets.xcassets; sourceTree = "<group>"; };
		6356A0082A604BE700FEFB8A /* Base */ = {isa = PBXFileReference; lastKnownFileType = file.storyboard; name = Base; path = Base.lproj/LaunchScreen.storyboard; sourceTree = "<group>"; };
		6356A00A2A604BE700FEFB8A /* Info.plist */ = {isa = PBXFileReference; lastKnownFileType = text.plist.xml; path = Info.plist; sourceTree = "<group>"; };
		6356A0152A60562C00FEFB8A /* EmojiTableViewCell.swift */ = {isa = PBXFileReference; lastKnownFileType = sourcecode.swift; path = EmojiTableViewCell.swift; sourceTree = "<group>"; };
		6356A0162A60562C00FEFB8A /* EmojiTableViewCell.xib */ = {isa = PBXFileReference; lastKnownFileType = file.xib; path = EmojiTableViewCell.xib; sourceTree = "<group>"; };
		6356A0192A605BC900FEFB8A /* EmojiViewController.swift */ = {isa = PBXFileReference; lastKnownFileType = sourcecode.swift; path = EmojiViewController.swift; sourceTree = "<group>"; };
		6356A01B2A605C8E00FEFB8A /* Emoji.swift */ = {isa = PBXFileReference; lastKnownFileType = sourcecode.swift; path = Emoji.swift; sourceTree = "<group>"; };
		6356A02E2A6597A900FEFB8A /* EmojiDetailsViewController.swift */ = {isa = PBXFileReference; lastKnownFileType = sourcecode.swift; path = EmojiDetailsViewController.swift; sourceTree = "<group>"; };
		6356A02F2A6597A900FEFB8A /* EmojiDetailsViewController.xib */ = {isa = PBXFileReference; lastKnownFileType = file.xib; path = EmojiDetailsViewController.xib; sourceTree = "<group>"; };
		98BC72A89D652B741AAC4F5C /* Pods-Emoji.release.xcconfig */ = {isa = PBXFileReference; includeInIndex = 1; lastKnownFileType = text.xcconfig; name = "Pods-Emoji.release.xcconfig"; path = "Target Support Files/Pods-Emoji/Pods-Emoji.release.xcconfig"; sourceTree = "<group>"; };
		A36CD3CEB59AE6DD530F6CC3 /* Pods_Emoji.framework */ = {isa = PBXFileReference; explicitFileType = wrapper.framework; includeInIndex = 0; path = Pods_Emoji.framework; sourceTree = BUILT_PRODUCTS_DIR; };
/* End PBXFileReference section */

/* Begin PBXFrameworksBuildPhase section */
		63569FF62A604BE600FEFB8A /* Frameworks */ = {
			isa = PBXFrameworksBuildPhase;
			buildActionMask = 2147483647;
			files = (
				EDED2CA448EBD1DC07C887E1 /* Pods_Emoji.framework in Frameworks */,
			);
			runOnlyForDeploymentPostprocessing = 0;
		};
/* End PBXFrameworksBuildPhase section */

/* Begin PBXGroup section */
		1F58F276FC67792AF3CE1148 /* Frameworks */ = {
			isa = PBXGroup;
			children = (
				A36CD3CEB59AE6DD530F6CC3 /* Pods_Emoji.framework */,
			);
			name = Frameworks;
			sourceTree = "<group>";
		};
		52339862FFC2227FACDDA8AA /* Pods */ = {
			isa = PBXGroup;
			children = (
				6225937192F6924951D95D01 /* Pods-Emoji.debug.xcconfig */,
				98BC72A89D652B741AAC4F5C /* Pods-Emoji.release.xcconfig */,
			);
			path = Pods;
			sourceTree = "<group>";
		};
		63569FF02A604BE600FEFB8A = {
			isa = PBXGroup;
			children = (
				63569FFB2A604BE600FEFB8A /* Emoji */,
				63569FFA2A604BE600FEFB8A /* Products */,
				52339862FFC2227FACDDA8AA /* Pods */,
				1F58F276FC67792AF3CE1148 /* Frameworks */,
			);
			sourceTree = "<group>";
		};
		63569FFA2A604BE600FEFB8A /* Products */ = {
			isa = PBXGroup;
			children = (
				63569FF92A604BE600FEFB8A /* Emoji.app */,
			);
			name = Products;
			sourceTree = "<group>";
		};
		63569FFB2A604BE600FEFB8A /* Emoji */ = {
			isa = PBXGroup;
			children = (
				6356A0122A60559100FEFB8A /* Controller */,
				6356A0112A60557800FEFB8A /* View */,
				6356A0102A60556C00FEFB8A /* Model */,
				63569FFC2A604BE600FEFB8A /* AppDelegate.swift */,
				63569FFE2A604BE600FEFB8A /* SceneDelegate.swift */,
				6356A0002A604BE600FEFB8A /* ViewController.swift */,
				6356A0022A604BE600FEFB8A /* Main.storyboard */,
				6356A0052A604BE700FEFB8A /* Assets.xcassets */,
				6356A0072A604BE700FEFB8A /* LaunchScreen.storyboard */,
				6356A00A2A604BE700FEFB8A /* Info.plist */,
			);
			path = Emoji;
			sourceTree = "<group>";
		};
		6356A0102A60556C00FEFB8A /* Model */ = {
			isa = PBXGroup;
			children = (
				6356A0152A60562C00FEFB8A /* EmojiTableViewCell.swift */,
				6356A01B2A605C8E00FEFB8A /* Emoji.swift */,
				6356A0162A60562C00FEFB8A /* EmojiTableViewCell.xib */,
			);
			path = Model;
			sourceTree = "<group>";
		};
		6356A0112A60557800FEFB8A /* View */ = {
			isa = PBXGroup;
			children = (
			);
			path = View;
			sourceTree = "<group>";
		};
		6356A0122A60559100FEFB8A /* Controller */ = {
			isa = PBXGroup;
			children = (
				6356A0192A605BC900FEFB8A /* EmojiViewController.swift */,
				6356A02E2A6597A900FEFB8A /* EmojiDetailsViewController.swift */,
				6356A02F2A6597A900FEFB8A /* EmojiDetailsViewController.xib */,
				630BCF632A69440400E49835 /* APIHandler.swift */,
			);
			path = Controller;
			sourceTree = "<group>";
		};
/* End PBXGroup section */

/* Begin PBXNativeTarget section */
		63569FF82A604BE600FEFB8A /* Emoji */ = {
			isa = PBXNativeTarget;
			buildConfigurationList = 6356A00D2A604BE700FEFB8A /* Build configuration list for PBXNativeTarget "Emoji" */;
			buildPhases = (
				FBAC6445B2B78578A9ACD197 /* [CP] Check Pods Manifest.lock */,
				63569FF52A604BE600FEFB8A /* Sources */,
				63569FF62A604BE600FEFB8A /* Frameworks */,
				63569FF72A604BE600FEFB8A /* Resources */,
				CBD73595DD23B5A43571AC4E /* [CP] Embed Pods Frameworks */,
			);
			buildRules = (
			);
			dependencies = (
			);
			name = Emoji;
			productName = Emoji;
			productReference = 63569FF92A604BE600FEFB8A /* Emoji.app */;
			productType = "com.apple.product-type.application";
		};
/* End PBXNativeTarget section */

/* Begin PBXProject section */
		63569FF12A604BE600FEFB8A /* Project object */ = {
			isa = PBXProject;
			attributes = {
				BuildIndependentTargetsInParallel = 1;
				LastSwiftUpdateCheck = 1430;
				LastUpgradeCheck = 1430;
				TargetAttributes = {
					63569FF82A604BE600FEFB8A = {
						CreatedOnToolsVersion = 14.3;
					};
				};
			};
			buildConfigurationList = 63569FF42A604BE600FEFB8A /* Build configuration list for PBXProject "Emoji" */;
			compatibilityVersion = "Xcode 14.0";
			developmentRegion = en;
			hasScannedForEncodings = 0;
			knownRegions = (
				en,
				Base,
			);
			mainGroup = 63569FF02A604BE600FEFB8A;
			productRefGroup = 63569FFA2A604BE600FEFB8A /* Products */;
			projectDirPath = "";
			projectRoot = "";
			targets = (
				63569FF82A604BE600FEFB8A /* Emoji */,
			);
		};
/* End PBXProject section */

/* Begin PBXResourcesBuildPhase section */
		63569FF72A604BE600FEFB8A /* Resources */ = {
			isa = PBXResourcesBuildPhase;
			buildActionMask = 2147483647;
			files = (
				6356A0092A604BE700FEFB8A /* LaunchScreen.storyboard in Resources */,
				6356A0062A604BE700FEFB8A /* Assets.xcassets in Resources */,
				6356A0182A60562C00FEFB8A /* EmojiTableViewCell.xib in Resources */,
				6356A0312A6597A900FEFB8A /* EmojiDetailsViewController.xib in Resources */,
				6356A0042A604BE600FEFB8A /* Main.storyboard in Resources */,
			);
			runOnlyForDeploymentPostprocessing = 0;
		};
/* End PBXResourcesBuildPhase section */

/* Begin PBXShellScriptBuildPhase section */
		CBD73595DD23B5A43571AC4E /* [CP] Embed Pods Frameworks */ = {
			isa = PBXShellScriptBuildPhase;
			buildActionMask = 2147483647;
			files = (
			);
			inputFileListPaths = (
				"${PODS_ROOT}/Target Support Files/Pods-Emoji/Pods-Emoji-frameworks-${CONFIGURATION}-input-files.xcfilelist",
			);
			name = "[CP] Embed Pods Frameworks";
			outputFileListPaths = (
				"${PODS_ROOT}/Target Support Files/Pods-Emoji/Pods-Emoji-frameworks-${CONFIGURATION}-output-files.xcfilelist",
			);
			runOnlyForDeploymentPostprocessing = 0;
			shellPath = /bin/sh;
			shellScript = "\"${PODS_ROOT}/Target Support Files/Pods-Emoji/Pods-Emoji-frameworks.sh\"\n";
			showEnvVarsInLog = 0;
		};
		FBAC6445B2B78578A9ACD197 /* [CP] Check Pods Manifest.lock */ = {
			isa = PBXShellScriptBuildPhase;
			buildActionMask = 2147483647;
			files = (
			);
			inputFileListPaths = (
			);
			inputPaths = (
				"${PODS_PODFILE_DIR_PATH}/Podfile.lock",
				"${PODS_ROOT}/Manifest.lock",
			);
			name = "[CP] Check Pods Manifest.lock";
			outputFileListPaths = (
			);
			outputPaths = (
				"$(DERIVED_FILE_DIR)/Pods-Emoji-checkManifestLockResult.txt",
			);
			runOnlyForDeploymentPostprocessing = 0;
			shellPath = /bin/sh;
			shellScript = "diff \"${PODS_PODFILE_DIR_PATH}/Podfile.lock\" \"${PODS_ROOT}/Manifest.lock\" > /dev/null\nif [ $? != 0 ] ; then\n    # print error to STDERR\n    echo \"error: The sandbox is not in sync with the Podfile.lock. Run 'pod install' or update your CocoaPods installation.\" >&2\n    exit 1\nfi\n# This output is used by Xcode 'outputs' to avoid re-running this script phase.\necho \"SUCCESS\" > \"${SCRIPT_OUTPUT_FILE_0}\"\n";
			showEnvVarsInLog = 0;
		};
/* End PBXShellScriptBuildPhase section */

/* Begin PBXSourcesBuildPhase section */
		63569FF52A604BE600FEFB8A /* Sources */ = {
			isa = PBXSourcesBuildPhase;
			buildActionMask = 2147483647;
			files = (
				6356A01C2A605C8E00FEFB8A /* Emoji.swift in Sources */,
				6356A0302A6597A900FEFB8A /* EmojiDetailsViewController.swift in Sources */,
				6356A0012A604BE600FEFB8A /* ViewController.swift in Sources */,
				630BCF642A69440400E49835 /* APIHandler.swift in Sources */,
				6356A01A2A605BC900FEFB8A /* EmojiViewController.swift in Sources */,
				63569FFD2A604BE600FEFB8A /* AppDelegate.swift in Sources */,
				6356A0172A60562C00FEFB8A /* EmojiTableViewCell.swift in Sources */,
				63569FFF2A604BE600FEFB8A /* SceneDelegate.swift in Sources */,
			);
			runOnlyForDeploymentPostprocessing = 0;
		};
/* End PBXSourcesBuildPhase section */

/* Begin PBXVariantGroup section */
		6356A0022A604BE600FEFB8A /* Main.storyboard */ = {
			isa = PBXVariantGroup;
			children = (
				6356A0032A604BE600FEFB8A /* Base */,
			);
			name = Main.storyboard;
			sourceTree = "<group>";
		};
		6356A0072A604BE700FEFB8A /* LaunchScreen.storyboard */ = {
			isa = PBXVariantGroup;
			children = (
				6356A0082A604BE700FEFB8A /* Base */,
			);
			name = LaunchScreen.storyboard;
			sourceTree = "<group>";
		};
/* End PBXVariantGroup section */

/* Begin XCBuildConfiguration section */
		6356A00B2A604BE700FEFB8A /* Debug */ = {
			isa = XCBuildConfiguration;
			buildSettings = {
				ALWAYS_SEARCH_USER_PATHS = NO;
				CLANG_ANALYZER_NONNULL = YES;
				CLANG_ANALYZER_NUMBER_OBJECT_CONVERSION = YES_AGGRESSIVE;
				CLANG_CXX_LANGUAGE_STANDARD = "gnu++20";
				CLANG_ENABLE_MODULES = YES;
				CLANG_ENABLE_OBJC_ARC = YES;
				CLANG_ENABLE_OBJC_WEAK = YES;
				CLANG_WARN_BLOCK_CAPTURE_AUTORELEASING = YES;
				CLANG_WARN_BOOL_CONVERSION = YES;
				CLANG_WARN_COMMA = YES;
				CLANG_WARN_CONSTANT_CONVERSION = YES;
				CLANG_WARN_DEPRECATED_OBJC_IMPLEMENTATIONS = YES;
				CLANG_WARN_DIRECT_OBJC_ISA_USAGE = YES_ERROR;
				CLANG_WARN_DOCUMENTATION_COMMENTS = YES;
				CLANG_WARN_EMPTY_BODY = YES;
				CLANG_WARN_ENUM_CONVERSION = YES;
				CLANG_WARN_INFINITE_RECURSION = YES;
				CLANG_WARN_INT_CONVERSION = YES;
				CLANG_WARN_NON_LITERAL_NULL_CONVERSION = YES;
				CLANG_WARN_OBJC_IMPLICIT_RETAIN_SELF = YES;
				CLANG_WARN_OBJC_LITERAL_CONVERSION = YES;
				CLANG_WARN_OBJC_ROOT_CLASS = YES_ERROR;
				CLANG_WARN_QUOTED_INCLUDE_IN_FRAMEWORK_HEADER = YES;
				CLANG_WARN_RANGE_LOOP_ANALYSIS = YES;
				CLANG_WARN_STRICT_PROTOTYPES = YES;
				CLANG_WARN_SUSPICIOUS_MOVE = YES;
				CLANG_WARN_UNGUARDED_AVAILABILITY = YES_AGGRESSIVE;
				CLANG_WARN_UNREACHABLE_CODE = YES;
				CLANG_WARN__DUPLICATE_METHOD_MATCH = YES;
				COPY_PHASE_STRIP = NO;
				DEBUG_INFORMATION_FORMAT = dwarf;
				ENABLE_STRICT_OBJC_MSGSEND = YES;
				ENABLE_TESTABILITY = YES;
				GCC_C_LANGUAGE_STANDARD = gnu11;
				GCC_DYNAMIC_NO_PIC = NO;
				GCC_NO_COMMON_BLOCKS = YES;
				GCC_OPTIMIZATION_LEVEL = 0;
				GCC_PREPROCESSOR_DEFINITIONS = (
					"DEBUG=1",
					"$(inherited)",
				);
				GCC_WARN_64_TO_32_BIT_CONVERSION = YES;
				GCC_WARN_ABOUT_RETURN_TYPE = YES_ERROR;
				GCC_WARN_UNDECLARED_SELECTOR = YES;
				GCC_WARN_UNINITIALIZED_AUTOS = YES_AGGRESSIVE;
				GCC_WARN_UNUSED_FUNCTION = YES;
				GCC_WARN_UNUSED_VARIABLE = YES;
				IPHONEOS_DEPLOYMENT_TARGET = 16.4;
				MTL_ENABLE_DEBUG_INFO = INCLUDE_SOURCE;
				MTL_FAST_MATH = YES;
				ONLY_ACTIVE_ARCH = YES;
				SDKROOT = iphoneos;
				SWIFT_ACTIVE_COMPILATION_CONDITIONS = DEBUG;
				SWIFT_OPTIMIZATION_LEVEL = "-Onone";
			};
			name = Debug;
		};
		6356A00C2A604BE700FEFB8A /* Release */ = {
			isa = XCBuildConfiguration;
			buildSettings = {
				ALWAYS_SEARCH_USER_PATHS = NO;
				CLANG_ANALYZER_NONNULL = YES;
				CLANG_ANALYZER_NUMBER_OBJECT_CONVERSION = YES_AGGRESSIVE;
				CLANG_CXX_LANGUAGE_STANDARD = "gnu++20";
				CLANG_ENABLE_MODULES = YES;
				CLANG_ENABLE_OBJC_ARC = YES;
				CLANG_ENABLE_OBJC_WEAK = YES;
				CLANG_WARN_BLOCK_CAPTURE_AUTORELEASING = YES;
				CLANG_WARN_BOOL_CONVERSION = YES;
				CLANG_WARN_COMMA = YES;
				CLANG_WARN_CONSTANT_CONVERSION = YES;
				CLANG_WARN_DEPRECATED_OBJC_IMPLEMENTATIONS = YES;
				CLANG_WARN_DIRECT_OBJC_ISA_USAGE = YES_ERROR;
				CLANG_WARN_DOCUMENTATION_COMMENTS = YES;
				CLANG_WARN_EMPTY_BODY = YES;
				CLANG_WARN_ENUM_CONVERSION = YES;
				CLANG_WARN_INFINITE_RECURSION = YES;
				CLANG_WARN_INT_CONVERSION = YES;
				CLANG_WARN_NON_LITERAL_NULL_CONVERSION = YES;
				CLANG_WARN_OBJC_IMPLICIT_RETAIN_SELF = YES;
				CLANG_WARN_OBJC_LITERAL_CONVERSION = YES;
				CLANG_WARN_OBJC_ROOT_CLASS = YES_ERROR;
				CLANG_WARN_QUOTED_INCLUDE_IN_FRAMEWORK_HEADER = YES;
				CLANG_WARN_RANGE_LOOP_ANALYSIS = YES;
				CLANG_WARN_STRICT_PROTOTYPES = YES;
				CLANG_WARN_SUSPICIOUS_MOVE = YES;
				CLANG_WARN_UNGUARDED_AVAILABILITY = YES_AGGRESSIVE;
				CLANG_WARN_UNREACHABLE_CODE = YES;
				CLANG_WARN__DUPLICATE_METHOD_MATCH = YES;
				COPY_PHASE_STRIP = NO;
				DEBUG_INFORMATION_FORMAT = "dwarf-with-dsym";
				ENABLE_NS_ASSERTIONS = NO;
				ENABLE_STRICT_OBJC_MSGSEND = YES;
				GCC_C_LANGUAGE_STANDARD = gnu11;
				GCC_NO_COMMON_BLOCKS = YES;
				GCC_WARN_64_TO_32_BIT_CONVERSION = YES;
				GCC_WARN_ABOUT_RETURN_TYPE = YES_ERROR;
				GCC_WARN_UNDECLARED_SELECTOR = YES;
				GCC_WARN_UNINITIALIZED_AUTOS = YES_AGGRESSIVE;
				GCC_WARN_UNUSED_FUNCTION = YES;
				GCC_WARN_UNUSED_VARIABLE = YES;
				IPHONEOS_DEPLOYMENT_TARGET = 16.4;
				MTL_ENABLE_DEBUG_INFO = NO;
				MTL_FAST_MATH = YES;
				SDKROOT = iphoneos;
				SWIFT_COMPILATION_MODE = wholemodule;
				SWIFT_OPTIMIZATION_LEVEL = "-O";
				VALIDATE_PRODUCT = YES;
			};
			name = Release;
		};
		6356A00E2A604BE700FEFB8A /* Debug */ = {
			isa = XCBuildConfiguration;
			baseConfigurationReference = 6225937192F6924951D95D01 /* Pods-Emoji.debug.xcconfig */;
			buildSettings = {
				ASSETCATALOG_COMPILER_APPICON_NAME = AppIcon;
				ASSETCATALOG_COMPILER_GLOBAL_ACCENT_COLOR_NAME = AccentColor;
				CODE_SIGN_STYLE = Automatic;
				CURRENT_PROJECT_VERSION = 1;
				GENERATE_INFOPLIST_FILE = YES;
				INFOPLIST_FILE = Emoji/Info.plist;
				INFOPLIST_KEY_UIApplicationSupportsIndirectInputEvents = YES;
				INFOPLIST_KEY_UILaunchStoryboardName = LaunchScreen;
				INFOPLIST_KEY_UIMainStoryboardFile = Main;
				INFOPLIST_KEY_UISupportedInterfaceOrientations_iPad = "UIInterfaceOrientationPortrait UIInterfaceOrientationPortraitUpsideDown UIInterfaceOrientationLandscapeLeft UIInterfaceOrientationLandscapeRight";
				INFOPLIST_KEY_UISupportedInterfaceOrientations_iPhone = "UIInterfaceOrientationPortrait UIInterfaceOrientationLandscapeLeft UIInterfaceOrientationLandscapeRight";
				LD_RUNPATH_SEARCH_PATHS = (
					"$(inherited)",
					"@executable_path/Frameworks",
				);
				MARKETING_VERSION = 1.0;
				PRODUCT_BUNDLE_IDENTIFIER = emoji.Emoji;
				PRODUCT_NAME = "$(TARGET_NAME)";
				SWIFT_EMIT_LOC_STRINGS = YES;
				SWIFT_VERSION = 5.0;
				TARGETED_DEVICE_FAMILY = "1,2";
			};
			name = Debug;
		};
		6356A00F2A604BE700FEFB8A /* Release */ = {
			isa = XCBuildConfiguration;
			baseConfigurationReference = 98BC72A89D652B741AAC4F5C /* Pods-Emoji.release.xcconfig */;
			buildSettings = {
				ASSETCATALOG_COMPILER_APPICON_NAME = AppIcon;
				ASSETCATALOG_COMPILER_GLOBAL_ACCENT_COLOR_NAME = AccentColor;
				CODE_SIGN_STYLE = Automatic;
				CURRENT_PROJECT_VERSION = 1;
				GENERATE_INFOPLIST_FILE = YES;
				INFOPLIST_FILE = Emoji/Info.plist;
				INFOPLIST_KEY_UIApplicationSupportsIndirectInputEvents = YES;
				INFOPLIST_KEY_UILaunchStoryboardName = LaunchScreen;
				INFOPLIST_KEY_UIMainStoryboardFile = Main;
				INFOPLIST_KEY_UISupportedInterfaceOrientations_iPad = "UIInterfaceOrientationPortrait UIInterfaceOrientationPortraitUpsideDown UIInterfaceOrientationLandscapeLeft UIInterfaceOrientationLandscapeRight";
				INFOPLIST_KEY_UISupportedInterfaceOrientations_iPhone = "UIInterfaceOrientationPortrait UIInterfaceOrientationLandscapeLeft UIInterfaceOrientationLandscapeRight";
				LD_RUNPATH_SEARCH_PATHS = (
					"$(inherited)",
					"@executable_path/Frameworks",
				);
				MARKETING_VERSION = 1.0;
				PRODUCT_BUNDLE_IDENTIFIER = emoji.Emoji;
				PRODUCT_NAME = "$(TARGET_NAME)";
				SWIFT_EMIT_LOC_STRINGS = YES;
				SWIFT_VERSION = 5.0;
				TARGETED_DEVICE_FAMILY = "1,2";
			};
			name = Release;
		};
/* End XCBuildConfiguration section */

/* Begin XCConfigurationList section */
		63569FF42A604BE600FEFB8A /* Build configuration list for PBXProject "Emoji" */ = {
			isa = XCConfigurationList;
			buildConfigurations = (
				6356A00B2A604BE700FEFB8A /* Debug */,
				6356A00C2A604BE700FEFB8A /* Release */,
			);
			defaultConfigurationIsVisible = 0;
			defaultConfigurationName = Release;
		};
		6356A00D2A604BE700FEFB8A /* Build configuration list for PBXNativeTarget "Emoji" */ = {
			isa = XCConfigurationList;
			buildConfigurations = (
				6356A00E2A604BE700FEFB8A /* Debug */,
				6356A00F2A604BE700FEFB8A /* Release */,
			);
			defaultConfigurationIsVisible = 0;
			defaultConfigurationName = Release;
		};
/* End XCConfigurationList section */
	};
	rootObject = 63569FF12A604BE600FEFB8A /* Project object */;
}
